
Microsoft Visual Studio Solution File, Format Version 12.00
# Visual Studio Version 16
VisualStudioVersion = 16.0.32602.291
MinimumVisualStudioVersion = 10.0.40219.1
Project("{8BC9CEB8-8B4A-11D0-8D11-00A0C91BC942}") = "os_log", "os_log.vcxproj", "{A7FFA2D4-6C76-4493-8CC9-063C57539109}"
	ProjectSection(ProjectDependencies) = postProject
		{630435D2-241E-46DF-A9A6-4C7628660BBF} = {630435D2-241E-46DF-A9A6-4C7628660BBF}
	EndProjectSection
EndProject
Project("{8BC9CEB8-8B4A-11D0-8D11-00A0C91BC942}") = "os_utils", "..\..\..\utils\project\win\os_utils.vcxproj", "{630435D2-241E-46DF-A9A6-4C7628660BBF}"
EndProject
Project("{8BC9CEB8-8B4A-11D0-8D11-00A0C91BC942}") = "os_log_test", "os_log_test.vcxproj", "{C857F0CA-19A0-420A-91F5-91BA1CA6E543}"
	ProjectSection(ProjectDependencies) = postProject
		{630435D2-241E-46DF-A9A6-4C7628660BBF} = {630435D2-241E-46DF-A9A6-4C7628660BBF}
		{A7FFA2D4-6C76-4493-8CC9-063C57539109} = {A7FFA2D4-6C76-4493-8CC9-063C57539109}
	EndProjectSection
EndProject
Global
	GlobalSection(SolutionConfigurationPlatforms) = preSolution
		Debug|x64 = Debug|x64
		Debug|x86 = Debug|x86
		Release|x64 = Release|x64
		Release|x86 = Release|x86
	EndGlobalSection
	GlobalSection(ProjectConfigurationPlatforms) = postSolution
		{A7FFA2D4-6C76-4493-8CC9-063C57539109}.Debug|x64.ActiveCfg = Debug|x64
		{A7FFA2D4-6C76-4493-8CC9-063C57539109}.Debug|x64.Build.0 = Debug|x64
		{A7FFA2D4-6C76-4493-8CC9-063C57539109}.Debug|x86.ActiveCfg = Debug|Win32
		{A7FFA2D4-6C76-4493-8CC9-063C57539109}.Debug|x86.Build.0 = Debug|Win32
		{A7FFA2D4-6C76-4493-8CC9-063C57539109}.Release|x64.ActiveCfg = Release|x64
		{A7FFA2D4-6C76-4493-8CC9-063C57539109}.Release|x64.Build.0 = Release|x64
		{A7FFA2D4-6C76-4493-8CC9-063C57539109}.Release|x86.ActiveCfg = Release|Win32
		{A7FFA2D4-6C76-4493-8CC9-063C57539109}.Release|x86.Build.0 = Release|Win32
		{630435D2-241E-46DF-A9A6-4C7628660BBF}.Debug|x64.ActiveCfg = Debug|x64
		{630435D2-241E-46DF-A9A6-4C7628660BBF}.Debug|x64.Build.0 = Debug|x64
		{630435D2-241E-46DF-A9A6-4C7628660BBF}.Debug|x86.ActiveCfg = Debug|Win32
		{630435D2-241E-46DF-A9A6-4C7628660BBF}.Debug|x86.Build.0 = Debug|Win32
		{630435D2-241E-46DF-A9A6-4C7628660BBF}.Release|x64.ActiveCfg = Release|x64
		{630435D2-241E-46DF-A9A6-4C7628660BBF}.Release|x64.Build.0 = Release|x64
		{630435D2-241E-46DF-A9A6-4C7628660BBF}.Release|x86.ActiveCfg = Release|Win32
		{630435D2-241E-46DF-A9A6-4C7628660BBF}.Release|x86.Build.0 = Release|Win32
		{C857F0CA-19A0-420A-91F5-91BA1CA6E543}.Debug|x64.ActiveCfg = Debug|x64
		{C857F0CA-19A0-420A-91F5-91BA1CA6E543}.Debug|x64.Build.0 = Debug|x64
		{C857F0CA-19A0-420A-91F5-91BA1CA6E543}.Debug|x86.ActiveCfg = Debug|Win32
		{C857F0CA-19A0-420A-91F5-91BA1CA6E543}.Debug|x86.Build.0 = Debug|Win32
		{C857F0CA-19A0-420A-91F5-91BA1CA6E543}.Release|x64.ActiveCfg = Release|x64
		{C857F0CA-19A0-420A-91F5-91BA1CA6E543}.Release|x64.Build.0 = Release|x64
		{C857F0CA-19A0-420A-91F5-91BA1CA6E543}.Release|x86.ActiveCfg = Release|Win32
		{C857F0CA-19A0-420A-91F5-91BA1CA6E543}.Release|x86.Build.0 = Release|Win32
	EndGlobalSection
	GlobalSection(SolutionProperties) = preSolution
		HideSolutionNode = FALSE
	EndGlobalSection
	GlobalSection(ExtensibilityGlobals) = postSolution
		SolutionGuid = {60C38E45-5D7C-4542-B6DD-E175F1A9828C}
	EndGlobalSection
EndGlobal
